
Microsoft Visual Studio Solution File, Format Version 12.00
# Visual Studio Version 17
VisualStudioVersion = 17.13.35919.96 d17.13
MinimumVisualStudioVersion = 10.0.40219.1
Project("{FAE04EC0-301F-11D3-BF4B-00C04F79EFBC}") = "Project_Exit", "Project_Exit\Project_Exit.csproj", "{DC52F476-7C0F-4FF5-BB84-39957E05C95C}"
EndProject
Global
	GlobalSection(SolutionConfigurationPlatforms) = preSolution
		Debug|Any CPU = Debug|Any CPU
		Release|Any CPU = Release|Any CPU
	EndGlobalSection
	GlobalSection(ProjectConfigurationPlatforms) = postSolution
		{DC52F476-7C0F-4FF5-BB84-39957E05C95C}.Debug|Any CPU.ActiveCfg = Debug|Any CPU
		{DC52F476-7C0F-4FF5-BB84-39957E05C95C}.Debug|Any CPU.Build.0 = Debug|Any CPU
		{DC52F476-7C0F-4FF5-BB84-39957E05C95C}.Release|Any CPU.ActiveCfg = Release|Any CPU
		{DC52F476-7C0F-4FF5-BB84-39957E05C95C}.Release|Any CPU.Build.0 = Release|Any CPU
	EndGlobalSection
	GlobalSection(SolutionProperties) = preSolution
		HideSolutionNode = FALSE
	EndGlobalSection
	GlobalSection(ExtensibilityGlobals) = postSolution
		SolutionGuid = {4C44EE36-1A2E-4AC3-8B3B-D3050FB71E05}
	EndGlobalSection
EndGlobal
